
Microsoft Visual Studio Solution File, Format Version 12.00
# Visual Studio 15
VisualStudioVersion = 15.0.28307.645
MinimumVisualStudioVersion = 10.0.40219.1
Project("{9A19103F-16F7-4668-BE54-9A1E7A4F7556}") = "UniversityScheduler", "UniversityScheduler\UniversityScheduler.csproj", "{03D597E1-4B37-47EA-A980-0B869DA0DD05}"
EndProject
Project("{9A19103F-16F7-4668-BE54-9A1E7A4F7556}") = "UniversityScheduler.DataAccess", "UniversityScheduler.DataAccess\UniversityScheduler.DataAccess.csproj", "{5CE76E6E-89A2-49EB-99F3-35EC08999679}"
EndProject
Project("{9A19103F-16F7-4668-BE54-9A1E7A4F7556}") = "UniversityScheduler.BusinessLogic", "UniversityScheduler.BusinessLogic\UniversityScheduler.BusinessLogic.csproj", "{8D8C1986-E37C-4422-B9E1-334584B12355}"
EndProject
Project("{00D1A9C2-B5F0-4AF3-8072-F6C62B433612}") = "UniversityScheduler.Database", "UniversityScheduler.Database\UniversityScheduler.Database.sqlproj", "{84AD24BC-624B-4D54-A85A-9A4E3C84EE9D}"
EndProject
Global
	GlobalSection(SolutionConfigurationPlatforms) = preSolution
		Debug|Any CPU = Debug|Any CPU
		Release|Any CPU = Release|Any CPU
	EndGlobalSection
	GlobalSection(ProjectConfigurationPlatforms) = postSolution
		{03D597E1-4B37-47EA-A980-0B869DA0DD05}.Debug|Any CPU.ActiveCfg = Debug|Any CPU
		{03D597E1-4B37-47EA-A980-0B869DA0DD05}.Debug|Any CPU.Build.0 = Debug|Any CPU
		{03D597E1-4B37-47EA-A980-0B869DA0DD05}.Release|Any CPU.ActiveCfg = Release|Any CPU
		{03D597E1-4B37-47EA-A980-0B869DA0DD05}.Release|Any CPU.Build.0 = Release|Any CPU
		{5CE76E6E-89A2-49EB-99F3-35EC08999679}.Debug|Any CPU.ActiveCfg = Debug|Any CPU
		{5CE76E6E-89A2-49EB-99F3-35EC08999679}.Debug|Any CPU.Build.0 = Debug|Any CPU
		{5CE76E6E-89A2-49EB-99F3-35EC08999679}.Release|Any CPU.ActiveCfg = Release|Any CPU
		{5CE76E6E-89A2-49EB-99F3-35EC08999679}.Release|Any CPU.Build.0 = Release|Any CPU
		{8D8C1986-E37C-4422-B9E1-334584B12355}.Debug|Any CPU.ActiveCfg = Debug|Any CPU
		{8D8C1986-E37C-4422-B9E1-334584B12355}.Debug|Any CPU.Build.0 = Debug|Any CPU
		{8D8C1986-E37C-4422-B9E1-334584B12355}.Release|Any CPU.ActiveCfg = Release|Any CPU
		{8D8C1986-E37C-4422-B9E1-334584B12355}.Release|Any CPU.Build.0 = Release|Any CPU
		{84AD24BC-624B-4D54-A85A-9A4E3C84EE9D}.Debug|Any CPU.ActiveCfg = Debug|Any CPU
		{84AD24BC-624B-4D54-A85A-9A4E3C84EE9D}.Debug|Any CPU.Build.0 = Debug|Any CPU
		{84AD24BC-624B-4D54-A85A-9A4E3C84EE9D}.Debug|Any CPU.Deploy.0 = Debug|Any CPU
		{84AD24BC-624B-4D54-A85A-9A4E3C84EE9D}.Release|Any CPU.ActiveCfg = Release|Any CPU
		{84AD24BC-624B-4D54-A85A-9A4E3C84EE9D}.Release|Any CPU.Build.0 = Release|Any CPU
		{84AD24BC-624B-4D54-A85A-9A4E3C84EE9D}.Release|Any CPU.Deploy.0 = Release|Any CPU
	EndGlobalSection
	GlobalSection(SolutionProperties) = preSolution
		HideSolutionNode = FALSE
	EndGlobalSection
	GlobalSection(ExtensibilityGlobals) = postSolution
		SolutionGuid = {2B8AF0C7-76DF-4C71-85A3-90E60F598B56}
	EndGlobalSection
EndGlobal
